
Microsoft Visual Studio Solution File, Format Version 11.00
# Visual Studio 2010
Project("{FAE04EC0-301F-11D3-BF4B-00C04F79EFBC}") = "NavMeshComponents", "NavMeshComponents.csproj", "{9f058e05-8c33-d5e9-1545-2c5a829f018c}"
EndProject
Project("{FAE04EC0-301F-11D3-BF4B-00C04F79EFBC}") = "Assembly-CSharp", "Assembly-CSharp.csproj", "{42da1425-8dad-58e7-c0cf-801bc770f833}"
EndProject
Project("{FAE04EC0-301F-11D3-BF4B-00C04F79EFBC}") = "NavMeshComponentsEditor", "NavMeshComponentsEditor.csproj", "{66468ec7-32b4-9d83-ee01-94d627ad4b96}"
EndProject
Global
	GlobalSection(SolutionConfigurationPlatforms) = preSolution
		Debug|Any CPU = Debug|Any CPU
	EndGlobalSection
	GlobalSection(ProjectConfigurationPlatforms) = postSolution
		{9f058e05-8c33-d5e9-1545-2c5a829f018c}.Debug|Any CPU.ActiveCfg = Debug|Any CPU
		{9f058e05-8c33-d5e9-1545-2c5a829f018c}.Debug|Any CPU.Build.0 = Debug|Any CPU
		{42da1425-8dad-58e7-c0cf-801bc770f833}.Debug|Any CPU.ActiveCfg = Debug|Any CPU
		{42da1425-8dad-58e7-c0cf-801bc770f833}.Debug|Any CPU.Build.0 = Debug|Any CPU
		{66468ec7-32b4-9d83-ee01-94d627ad4b96}.Debug|Any CPU.ActiveCfg = Debug|Any CPU
		{66468ec7-32b4-9d83-ee01-94d627ad4b96}.Debug|Any CPU.Build.0 = Debug|Any CPU
	EndGlobalSection
	GlobalSection(SolutionProperties) = preSolution
		HideSolutionNode = FALSE
	EndGlobalSection
EndGlobal
